
Microsoft Visual Studio Solution File, Format Version 12.00
# Visual Studio Version 17
VisualStudioVersion = 17.11.35219.272
MinimumVisualStudioVersion = 10.0.40219.1
Project("{FAE04EC0-301F-11D3-BF4B-00C04F79EFBC}") = "FirstBlazorApp1", "FirstBlazorApp1\FirstBlazorApp1.csproj", "{10BD2D24-3ED7-4CB6-B204-D59CD90D6ADA}"
EndProject
Global
	GlobalSection(SolutionConfigurationPlatforms) = preSolution
		Debug|Any CPU = Debug|Any CPU
		Release|Any CPU = Release|Any CPU
	EndGlobalSection
	GlobalSection(ProjectConfigurationPlatforms) = postSolution
		{10BD2D24-3ED7-4CB6-B204-D59CD90D6ADA}.Debug|Any CPU.ActiveCfg = Debug|Any CPU
		{10BD2D24-3ED7-4CB6-B204-D59CD90D6ADA}.Debug|Any CPU.Build.0 = Debug|Any CPU
		{10BD2D24-3ED7-4CB6-B204-D59CD90D6ADA}.Release|Any CPU.ActiveCfg = Release|Any CPU
		{10BD2D24-3ED7-4CB6-B204-D59CD90D6ADA}.Release|Any CPU.Build.0 = Release|Any CPU
	EndGlobalSection
	GlobalSection(SolutionProperties) = preSolution
		HideSolutionNode = FALSE
	EndGlobalSection
	GlobalSection(ExtensibilityGlobals) = postSolution
		SolutionGuid = {2B0C7899-CDFF-40E0-B1F2-F64718EA7AAF}
	EndGlobalSection
EndGlobal
